PODS:
  - Alamofire (3.2.0)
  - Nimble (3.0.0)
  - Quick (0.9.1)
  - SnapKit (0.19.1)
  - SwiftSpinner (0.8.0)
  - SwiftyJSON (2.3.2)

DEPENDENCIES:
  - Alamofire (~> 3.2.0)
  - Nimble (= 3.0.0)
  - Quick (~> 0.9.0)
  - SnapKit (~> 0.19.1)
  - SwiftSpinner (~> 0.8.0)
  - SwiftyJSON (~> 2.3.2)

SPEC CHECKSUMS:
  Alamofire: 4da478599fccddff361205c8929333d7fe18dceb
  Nimble: 4c353d43735b38b545cbb4cb91504588eb5de926
  Quick: a5221fc21788b6aeda934805e68b061839bc3165
  SnapKit: eff58d6e3451bf2f482db2eccf86aecf371dc62d
  SwiftSpinner: 11c2c5ec7443d92f3026d3067ca8a91d4adef13f
  SwiftyJSON: 04ccea08915aa0109039157c7974cf0298da292a

COCOAPODS: 0.38.2
